
Microsoft Visual Studio Solution File, Format Version 12.00
# Visual Studio Version 16
VisualStudioVersion = 16.0.31624.102
MinimumVisualStudioVersion = 10.0.40219.1
Project("{8BC9CEB8-8B4A-11D0-8D11-00A0C91BC942}") = "Zombie Massacre Reattempt", "Zombie Massacre Reattempt\Zombie Massacre Reattempt.vcxproj", "{71B4900A-BBD2-43CF-B832-EADEAFCC072C}"
EndProject
Global
	GlobalSection(SolutionConfigurationPlatforms) = preSolution
		Debug|x64 = Debug|x64
		Debug|x86 = Debug|x86
		Release|x64 = Release|x64
		Release|x86 = Release|x86
	EndGlobalSection
	GlobalSection(ProjectConfigurationPlatforms) = postSolution
		{71B4900A-BBD2-43CF-B832-EADEAFCC072C}.Debug|x64.ActiveCfg = Debug|x64
		{71B4900A-BBD2-43CF-B832-EADEAFCC072C}.Debug|x64.Build.0 = Debug|x64
		{71B4900A-BBD2-43CF-B832-EADEAFCC072C}.Debug|x86.ActiveCfg = Debug|Win32
		{71B4900A-BBD2-43CF-B832-EADEAFCC072C}.Debug|x86.Build.0 = Debug|Win32
		{71B4900A-BBD2-43CF-B832-EADEAFCC072C}.Release|x64.ActiveCfg = Release|x64
		{71B4900A-BBD2-43CF-B832-EADEAFCC072C}.Release|x64.Build.0 = Release|x64
		{71B4900A-BBD2-43CF-B832-EADEAFCC072C}.Release|x86.ActiveCfg = Release|Win32
		{71B4900A-BBD2-43CF-B832-EADEAFCC072C}.Release|x86.Build.0 = Release|Win32
	EndGlobalSection
	GlobalSection(SolutionProperties) = preSolution
		HideSolutionNode = FALSE
	EndGlobalSection
	GlobalSection(ExtensibilityGlobals) = postSolution
		SolutionGuid = {F5D75B65-ABC0-4EAE-AE02-BFD5283082F0}
	EndGlobalSection
EndGlobal
